
Microsoft Visual Studio Solution File, Format Version 12.00
# Visual Studio 15
VisualStudioVersion = 15.0.27130.2020
MinimumVisualStudioVersion = 10.0.40219.1
Project("{E24C65DC-7377-472B-9ABA-BC803B73C61A}") = "asp3", "asp3\", "{3657274A-04C6-48AA-B7D8-CC0D95662BB9}"
	ProjectSection(WebsiteProperties) = preProject
		TargetFrameworkMoniker = ".NETFramework,Version%3Dv4.6.1"
		Debug.AspNetCompiler.VirtualPath = "/localhost_64340"
		Debug.AspNetCompiler.PhysicalPath = "asp3\"
		Debug.AspNetCompiler.TargetPath = "PrecompiledWeb\localhost_64340\"
		Debug.AspNetCompiler.Updateable = "true"
		Debug.AspNetCompiler.ForceOverwrite = "true"
		Debug.AspNetCompiler.FixedNames = "false"
		Debug.AspNetCompiler.Debug = "True"
		Release.AspNetCompiler.VirtualPath = "/localhost_64340"
		Release.AspNetCompiler.PhysicalPath = "asp3\"
		Release.AspNetCompiler.TargetPath = "PrecompiledWeb\localhost_64340\"
		Release.AspNetCompiler.Updateable = "true"
		Release.AspNetCompiler.ForceOverwrite = "true"
		Release.AspNetCompiler.FixedNames = "false"
		Release.AspNetCompiler.Debug = "False"
		VWDPort = "64340"
		SlnRelativePath = "asp3\"
		DefaultWebSiteLanguage = "Visual C#"
	EndProjectSection
EndProject
Global
	GlobalSection(SolutionConfigurationPlatforms) = preSolution
		Debug|Any CPU = Debug|Any CPU
	EndGlobalSection
	GlobalSection(ProjectConfigurationPlatforms) = postSolution
		{3657274A-04C6-48AA-B7D8-CC0D95662BB9}.Debug|Any CPU.ActiveCfg = Debug|Any CPU
		{3657274A-04C6-48AA-B7D8-CC0D95662BB9}.Debug|Any CPU.Build.0 = Debug|Any CPU
	EndGlobalSection
	GlobalSection(SolutionProperties) = preSolution
		HideSolutionNode = FALSE
	EndGlobalSection
	GlobalSection(ExtensibilityGlobals) = postSolution
		SolutionGuid = {4B2AECF7-D083-477E-8177-AEDFE501161D}
	EndGlobalSection
EndGlobal
